<?xml version="1.0" encoding="utf-8"?>
<Project ToolsVersion="4.0" xmlns="http://schemas.microsoft.com/developer/msbuild/2003">
  <ItemGroup>
    <Filter Include="Source Files">
      <UniqueIdentifier>{4FC737F1-C7A5-4376-A066-2A32D752A2FF}</UniqueIdentifier>
      <Extensions>cpp;c;cc;cxx;def;odl;idl;hpj;bat;asm;asmx</Extensions>
    </Filter>
    <Filter Include="Header Files">
      <UniqueIdentifier>{93995380-89BD-4b04-88EB-625FBE52EBFB}</UniqueIdentifier>
      <Extensions>h;hh;hpp;hxx;hm;inl;inc;xsd</Extensions>
    </Filter>
    <Filter Include="Misc Files">
      <UniqueIdentifier>{67DA6AB6-F800-4c08-8B7A-83BB121AAD01}</UniqueIdentifier>
      <Extensions>xml;json;txt;rc;ico;cur;bmp;dlg;rc2;rct;bin;rgs;gif;jpg;jpeg;jpe;resx;tiff;tif;png;wav;mfcribbon-ms</Extensions>
    </Filter>
    <Filter Include="Data Files">
      <UniqueIdentifier>{48f89140-93da-43c7-8aa4-26c92f17c9fa}</UniqueIdentifier>
    </Filter>
    <Filter Include="Data Files\www">
      <UniqueIdentifier>{a1f2ead2-e184-4095-8418-5be2bde355b5}</UniqueIdentifier>
    </Filter>
    <Filter Include="Data Files\www\css">
      <UniqueIdentifier>{5eaa0ce6-8820-44bf-83a6-1b813603b828}</UniqueIdentifier>
    </Filter>
    <Filter Include="Data Files\www\js">
      <UniqueIdentifier>{8c4f1b06-8051-4c73-bcb3-ed39de74a866}</UniqueIdentifier>
    </Filter>
  </ItemGroup>
  <ItemGroup>
    <None Include="src\arduino folders read me.txt">
      <Filter>Misc Files</Filter>
    </None>
    <None Include="scripts\licenseheader.json">
      <Filter>Misc Files</Filter>
    </None>
    <None Include="scripts\version.json">
      <Filter>Misc Files</Filter>
    </None>
    <None Include="scripts\version.ps1">
      <Filter>Misc Files</Filter>
    </None>
    <None Include=".onsaveconfig">
      <Filter>Misc Files</Filter>
    </None>
    <None Include="README.md">
      <Filter>Misc Files</Filter>
    </None>
    <None Include="YardControl.sln.licenseheader">
      <Filter>Misc Files</Filter>
    </None>
    <None Include="data\appsettings.json">
      <Filter>Data Files</Filter>
    </None>
    <None Include="data\www\about.html">
      <Filter>Data Files\www</Filter>
    </None>
    <None Include="data\www\index.html">
      <Filter>Data Files\www</Filter>
    </None>
    <None Include="data\www\info.html">
      <Filter>Data Files\www</Filter>
    </None>
    <None Include="data\www\settings.html">
      <Filter>Data Files\www</Filter>
    </None>
    <None Include="data\www\css\dark-mode-switch.css">
      <Filter>Data Files\www\css</Filter>
    </None>
    <None Include="data\www\js\dark-mode-switch.min.js">
      <Filter>Data Files\www\js</Filter>
    </None>
    <None Include="data\www\css\custom-input-switch.css">
      <Filter>Data Files\www\css</Filter>
    </None>
  </ItemGroup>
  <ItemGroup>
    <ClCompile Include="YardControl.ino" />
    <ClCompile Include="src\Actuator.cpp">
      <Filter>Source Files</Filter>
    </ClCompile>
    <ClCompile Include="src\ActuatorInfo.cpp">
      <Filter>Source Files</Filter>
    </ClCompile>
    <ClCompile Include="src\AppSettings.cpp">
      <Filter>Source Files</Filter>
    </ClCompile>
    <ClCompile Include="src\EscapeCodes.cpp">
      <Filter>Source Files</Filter>
    </ClCompile>
    <ClCompile Include="src\ServerInfo.cpp">
      <Filter>Source Files</Filter>
    </ClCompile>
    <ClCompile Include="src\SystemInfo.cpp">
      <Filter>Source Files</Filter>
    </ClCompile>
    <ClCompile Include="src\TelnetBase.cpp">
      <Filter>Source Files</Filter>
    </ClCompile>
    <ClCompile Include="src\TelnetServer.cpp">
      <Filter>Source Files</Filter>
    </ClCompile>
    <ClCompile Include="src\TelnetStream.cpp">
      <Filter>Source Files</Filter>
    </ClCompile>
    <ClCompile Include="src\WiFiInfo.cpp">
      <Filter>Source Files</Filter>
    </ClCompile>
    <ClCompile Include="src\Wireless.cpp">
      <Filter>Source Files</Filter>
    </ClCompile>
    <ClCompile Include="src\PicoPins.cpp">
      <Filter>Source Files</Filter>
    </ClCompile>
    <ClCompile Include="src\GpioInputs.cpp">
      <Filter>Source Files</Filter>
    </ClCompile>
    <ClCompile Include="src\CommandClass.cpp">
      <Filter>Source Files</Filter>
    </ClCompile>
    <ClCompile Include="Commands.ino" />
    <ClCompile Include="HttpHelper.ino" />
  </ItemGroup>
  <ItemGroup>
    <ClInclude Include="__vm\.YardControl.vsarduino.h">
      <Filter>Header Files</Filter>
    </ClInclude>
    <ClInclude Include="src\Actuator.h">
      <Filter>Header Files</Filter>
    </ClInclude>
    <ClInclude Include="src\ActuatorInfo.h">
      <Filter>Header Files</Filter>
    </ClInclude>
    <ClInclude Include="src\AppSettings.h">
      <Filter>Header Files</Filter>
    </ClInclude>
    <ClInclude Include="src\Commands.h">
      <Filter>Header Files</Filter>
    </ClInclude>
    <ClInclude Include="src\DebugMacros.h">
      <Filter>Header Files</Filter>
    </ClInclude>
    <ClInclude Include="src\EscapeCodes.h">
      <Filter>Header Files</Filter>
    </ClInclude>
    <ClInclude Include="src\ServerInfo.h">
      <Filter>Header Files</Filter>
    </ClInclude>
    <ClInclude Include="src\SystemInfo.h">
      <Filter>Header Files</Filter>
    </ClInclude>
    <ClInclude Include="src\TelnetBase.h">
      <Filter>Header Files</Filter>
    </ClInclude>
    <ClInclude Include="src\TelnetServer.h">
      <Filter>Header Files</Filter>
    </ClInclude>
    <ClInclude Include="src\TelnetStream.h">
      <Filter>Header Files</Filter>
    </ClInclude>
    <ClInclude Include="src\Version.h">
      <Filter>Header Files</Filter>
    </ClInclude>
    <ClInclude Include="src\WiFiInfo.h">
      <Filter>Header Files</Filter>
    </ClInclude>
    <ClInclude Include="src\Wireless.h">
      <Filter>Header Files</Filter>
    </ClInclude>
    <ClInclude Include="src\PicoPins.h">
      <Filter>Header Files</Filter>
    </ClInclude>
    <ClInclude Include="src\GpioInputs.h">
      <Filter>Header Files</Filter>
    </ClInclude>
  </ItemGroup>
  <ItemGroup>
    <Text Include="LICENSE.txt">
      <Filter>Misc Files</Filter>
    </Text>
  </ItemGroup>
  <ItemGroup>
    <Image Include="data\www\favicon.ico">
      <Filter>Data Files\www</Filter>
    </Image>
  </ItemGroup>
</Project>